// !$*UTF8*$!
{
	archiveVersion = 1;
	classes = {
	};
	objectVersion = 51;
	objects = {

/* Begin PBXBuildFile section */
		3051637125BDEF5C00B7AE73 /* AppDelegate.swift in Sources */ = {isa = PBXBuildFile; fileRef = 3051637025BDEF5C00B7AE73 /* AppDelegate.swift */; };
		3051637325BDEF5C00B7AE73 /* SceneDelegate.swift in Sources */ = {isa = PBXBuildFile; fileRef = 3051637225BDEF5C00B7AE73 /* SceneDelegate.swift */; };
		3051637525BDEF5C00B7AE73 /* CollectionViewController.swift in Sources */ = {isa = PBXBuildFile; fileRef = 3051637425BDEF5C00B7AE73 /* CollectionViewController.swift */; };
		3051637825BDEF5C00B7AE73 /* Main.storyboard in Resources */ = {isa = PBXBuildFile; fileRef = 3051637625BDEF5C00B7AE73 /* Main.storyboard */; };
		3051637A25BDEF5D00B7AE73 /* Assets.xcassets in Resources */ = {isa = PBXBuildFile; fileRef = 3051637925BDEF5D00B7AE73 /* Assets.xcassets */; };
		3051637D25BDEF5D00B7AE73 /* LaunchScreen.storyboard in Resources */ = {isa = PBXBuildFile; fileRef = 3051637B25BDEF5D00B7AE73 /* LaunchScreen.storyboard */; };
		3051638725BDF01700B7AE73 /* Cell.swift in Sources */ = {isa = PBXBuildFile; fileRef = 3051638625BDF01700B7AE73 /* Cell.swift */; };
		3051638A25BDF02400B7AE73 /* Cell.xib in Resources */ = {isa = PBXBuildFile; fileRef = 3051638925BDF02400B7AE73 /* Cell.xib */; };
		3051638D25BDFF5800B7AE73 /* DataSource.swift in Sources */ = {isa = PBXBuildFile; fileRef = 3051638C25BDFF5800B7AE73 /* DataSource.swift */; };
		CFF3154E9BEAF4899B780C1E /* Pods_DynamicHeightCells.framework in Frameworks */ = {isa = PBXBuildFile; fileRef = 4D193ED87D1DE73F9DAF16F6 /* Pods_DynamicHeightCells.framework */; };
/* End PBXBuildFile section */

/* Begin PBXFileReference section */
		3051636D25BDEF5C00B7AE73 /* DynamicHeightCells.app */ = {isa = PBXFileReference; explicitFileType = wrapper.application; includeInIndex = 0; path = DynamicHeightCells.app; sourceTree = BUILT_PRODUCTS_DIR; };
		3051637025BDEF5C00B7AE73 /* AppDelegate.swift */ = {isa = PBXFileReference; lastKnownFileType = sourcecode.swift; path = AppDelegate.swift; sourceTree = "<group>"; };
		3051637225BDEF5C00B7AE73 /* SceneDelegate.swift */ = {isa = PBXFileReference; lastKnownFileType = sourcecode.swift; path = SceneDelegate.swift; sourceTree = "<group>"; };
		3051637425BDEF5C00B7AE73 /* CollectionViewController.swift */ = {isa = PBXFileReference; lastKnownFileType = sourcecode.swift; path = CollectionViewController.swift; sourceTree = "<group>"; };
		3051637725BDEF5C00B7AE73 /* Base */ = {isa = PBXFileReference; lastKnownFileType = file.storyboard; name = Base; path = Base.lproj/Main.storyboard; sourceTree = "<group>"; };
		3051637925BDEF5D00B7AE73 /* Assets.xcassets */ = {isa = PBXFileReference; lastKnownFileType = folder.assetcatalog; path = Assets.xcassets; sourceTree = "<group>"; };
		3051637C25BDEF5D00B7AE73 /* Base */ = {isa = PBXFileReference; lastKnownFileType = file.storyboard; name = Base; path = Base.lproj/LaunchScreen.storyboard; sourceTree = "<group>"; };
		3051637E25BDEF5D00B7AE73 /* Info.plist */ = {isa = PBXFileReference; lastKnownFileType = text.plist.xml; path = Info.plist; sourceTree = "<group>"; };
		3051638625BDF01700B7AE73 /* Cell.swift */ = {isa = PBXFileReference; lastKnownFileType = sourcecode.swift; path = Cell.swift; sourceTree = "<group>"; };
		3051638925BDF02400B7AE73 /* Cell.xib */ = {isa = PBXFileReference; lastKnownFileType = file.xib; path = Cell.xib; sourceTree = "<group>"; };
		3051638C25BDFF5800B7AE73 /* DataSource.swift */ = {isa = PBXFileReference; lastKnownFileType = sourcecode.swift; path = DataSource.swift; sourceTree = "<group>"; };
		4D193ED87D1DE73F9DAF16F6 /* Pods_DynamicHeightCells.framework */ = {isa = PBXFileReference; explicitFileType = wrapper.framework; includeInIndex = 0; path = Pods_DynamicHeightCells.framework; sourceTree = BUILT_PRODUCTS_DIR; };
		EE2F7102F3EF3574F566E4A1 /* Pods-DynamicHeightCells.release.xcconfig */ = {isa = PBXFileReference; includeInIndex = 1; lastKnownFileType = text.xcconfig; name = "Pods-DynamicHeightCells.release.xcconfig"; path = "Target Support Files/Pods-DynamicHeightCells/Pods-DynamicHeightCells.release.xcconfig"; sourceTree = "<group>"; };
		F74B21D0A20C36698EA958FC /* Pods-DynamicHeightCells.debug.xcconfig */ = {isa = PBXFileReference; includeInIndex = 1; lastKnownFileType = text.xcconfig; name = "Pods-DynamicHeightCells.debug.xcconfig"; path = "Target Support Files/Pods-DynamicHeightCells/Pods-DynamicHeightCells.debug.xcconfig"; sourceTree = "<group>"; };
/* End PBXFileReference section */

/* Begin PBXFrameworksBuildPhase section */
		3051636A25BDEF5C00B7AE73 /* Frameworks */ = {
			isa = PBXFrameworksBuildPhase;
			buildActionMask = 2147483647;
			files = (
				CFF3154E9BEAF4899B780C1E /* Pods_DynamicHeightCells.framework in Frameworks */,
			);
			runOnlyForDeploymentPostprocessing = 0;
		};
/* End PBXFrameworksBuildPhase section */

/* Begin PBXGroup section */
		3051636425BDEF5C00B7AE73 = {
			isa = PBXGroup;
			children = (
				3051636F25BDEF5C00B7AE73 /* DynamicHeightCells */,
				3051636E25BDEF5C00B7AE73 /* Products */,
				A24ECD717576FB63D3F3C6F9 /* Pods */,
				DF8B325B84A9B42915E7F17C /* Frameworks */,
			);
			sourceTree = "<group>";
		};
		3051636E25BDEF5C00B7AE73 /* Products */ = {
			isa = PBXGroup;
			children = (
				3051636D25BDEF5C00B7AE73 /* DynamicHeightCells.app */,
			);
			name = Products;
			sourceTree = "<group>";
		};
		3051636F25BDEF5C00B7AE73 /* DynamicHeightCells */ = {
			isa = PBXGroup;
			children = (
				3051637025BDEF5C00B7AE73 /* AppDelegate.swift */,
				3051637225BDEF5C00B7AE73 /* SceneDelegate.swift */,
				3051637425BDEF5C00B7AE73 /* CollectionViewController.swift */,
				3051638C25BDFF5800B7AE73 /* DataSource.swift */,
				3051637625BDEF5C00B7AE73 /* Main.storyboard */,
				3051639825BE156700B7AE73 /* Cell */,
				3051637925BDEF5D00B7AE73 /* Assets.xcassets */,
				3051637B25BDEF5D00B7AE73 /* LaunchScreen.storyboard */,
				3051637E25BDEF5D00B7AE73 /* Info.plist */,
			);
			path = DynamicHeightCells;
			sourceTree = "<group>";
		};
		3051639825BE156700B7AE73 /* Cell */ = {
			isa = PBXGroup;
			children = (
				3051638625BDF01700B7AE73 /* Cell.swift */,
				3051638925BDF02400B7AE73 /* Cell.xib */,
			);
			path = Cell;
			sourceTree = "<group>";
		};
		A24ECD717576FB63D3F3C6F9 /* Pods */ = {
			isa = PBXGroup;
			children = (
				F74B21D0A20C36698EA958FC /* Pods-DynamicHeightCells.debug.xcconfig */,
				EE2F7102F3EF3574F566E4A1 /* Pods-DynamicHeightCells.release.xcconfig */,
			);
			path = Pods;
			sourceTree = "<group>";
		};
		DF8B325B84A9B42915E7F17C /* Frameworks */ = {
			isa = PBXGroup;
			children = (
				4D193ED87D1DE73F9DAF16F6 /* Pods_DynamicHeightCells.framework */,
			);
			name = Frameworks;
			sourceTree = "<group>";
		};
/* End PBXGroup section */

/* Begin PBXNativeTarget section */
		3051636C25BDEF5C00B7AE73 /* DynamicHeightCells */ = {
			isa = PBXNativeTarget;
			buildConfigurationList = 3051638125BDEF5D00B7AE73 /* Build configuration list for PBXNativeTarget "DynamicHeightCells" */;
			buildPhases = (
				7E65AEB6A23587ED05912258 /* [CP] Check Pods Manifest.lock */,
				3051636925BDEF5C00B7AE73 /* Sources */,
				3051636A25BDEF5C00B7AE73 /* Frameworks */,
				3051636B25BDEF5C00B7AE73 /* Resources */,
				245F255F079DBC4AD98D0910 /* [CP] Embed Pods Frameworks */,
			);
			buildRules = (
			);
			dependencies = (
			);
			name = DynamicHeightCells;
			productName = DynamicHeightCells;
			productReference = 3051636D25BDEF5C00B7AE73 /* DynamicHeightCells.app */;
			productType = "com.apple.product-type.application";
		};
/* End PBXNativeTarget section */

/* Begin PBXProject section */
		3051636525BDEF5C00B7AE73 /* Project object */ = {
			isa = PBXProject;
			attributes = {
				LastSwiftUpdateCheck = 1230;
				LastUpgradeCheck = 1230;
				TargetAttributes = {
					3051636C25BDEF5C00B7AE73 = {
						CreatedOnToolsVersion = 12.3;
					};
				};
			};
			buildConfigurationList = 3051636825BDEF5C00B7AE73 /* Build configuration list for PBXProject "DynamicHeightCells" */;
			compatibilityVersion = "Xcode 9.3";
			developmentRegion = en;
			hasScannedForEncodings = 0;
			knownRegions = (
				en,
				Base,
			);
			mainGroup = 3051636425BDEF5C00B7AE73;
			productRefGroup = 3051636E25BDEF5C00B7AE73 /* Products */;
			projectDirPath = "";
			projectRoot = "";
			targets = (
				3051636C25BDEF5C00B7AE73 /* DynamicHeightCells */,
			);
		};
/* End PBXProject section */

/* Begin PBXResourcesBuildPhase section */
		3051636B25BDEF5C00B7AE73 /* Resources */ = {
			isa = PBXResourcesBuildPhase;
			buildActionMask = 2147483647;
			files = (
				3051637D25BDEF5D00B7AE73 /* LaunchScreen.storyboard in Resources */,
				3051638A25BDF02400B7AE73 /* Cell.xib in Resources */,
				3051637A25BDEF5D00B7AE73 /* Assets.xcassets in Resources */,
				3051637825BDEF5C00B7AE73 /* Main.storyboard in Resources */,
			);
			runOnlyForDeploymentPostprocessing = 0;
		};
/* End PBXResourcesBuildPhase section */

/* Begin PBXShellScriptBuildPhase section */
		245F255F079DBC4AD98D0910 /* [CP] Embed Pods Frameworks */ = {
			isa = PBXShellScriptBuildPhase;
			buildActionMask = 2147483647;
			files = (
			);
			inputFileListPaths = (
				"${PODS_ROOT}/Target Support Files/Pods-DynamicHeightCells/Pods-DynamicHeightCells-frameworks-${CONFIGURATION}-input-files.xcfilelist",
			);
			name = "[CP] Embed Pods Frameworks";
			outputFileListPaths = (
				"${PODS_ROOT}/Target Support Files/Pods-DynamicHeightCells/Pods-DynamicHeightCells-frameworks-${CONFIGURATION}-output-files.xcfilelist",
			);
			runOnlyForDeploymentPostprocessing = 0;
			shellPath = /bin/sh;
			shellScript = "\"${PODS_ROOT}/Target Support Files/Pods-DynamicHeightCells/Pods-DynamicHeightCells-frameworks.sh\"\n";
			showEnvVarsInLog = 0;
		};
		7E65AEB6A23587ED05912258 /* [CP] Check Pods Manifest.lock */ = {
			isa = PBXShellScriptBuildPhase;
			buildActionMask = 2147483647;
			files = (
			);
			inputFileListPaths = (
			);
			inputPaths = (
				"${PODS_PODFILE_DIR_PATH}/Podfile.lock",
				"${PODS_ROOT}/Manifest.lock",
			);
			name = "[CP] Check Pods Manifest.lock";
			outputFileListPaths = (
			);
			outputPaths = (
				"$(DERIVED_FILE_DIR)/Pods-DynamicHeightCells-checkManifestLockResult.txt",
			);
			runOnlyForDeploymentPostprocessing = 0;
			shellPath = /bin/sh;
			shellScript = "diff \"${PODS_PODFILE_DIR_PATH}/Podfile.lock\" \"${PODS_ROOT}/Manifest.lock\" > /dev/null\nif [ $? != 0 ] ; then\n    # print error to STDERR\n    echo \"error: The sandbox is not in sync with the Podfile.lock. Run 'pod install' or update your CocoaPods installation.\" >&2\n    exit 1\nfi\n# This output is used by Xcode 'outputs' to avoid re-running this script phase.\necho \"SUCCESS\" > \"${SCRIPT_OUTPUT_FILE_0}\"\n";
			showEnvVarsInLog = 0;
		};
/* End PBXShellScriptBuildPhase section */

/* Begin PBXSourcesBuildPhase section */
		3051636925BDEF5C00B7AE73 /* Sources */ = {
			isa = PBXSourcesBuildPhase;
			buildActionMask = 2147483647;
			files = (
				3051637525BDEF5C00B7AE73 /* CollectionViewController.swift in Sources */,
				3051638725BDF01700B7AE73 /* Cell.swift in Sources */,
				3051637125BDEF5C00B7AE73 /* AppDelegate.swift in Sources */,
				3051638D25BDFF5800B7AE73 /* DataSource.swift in Sources */,
				3051637325BDEF5C00B7AE73 /* SceneDelegate.swift in Sources */,
			);
			runOnlyForDeploymentPostprocessing = 0;
		};
/* End PBXSourcesBuildPhase section */

/* Begin PBXVariantGroup section */
		3051637625BDEF5C00B7AE73 /* Main.storyboard */ = {
			isa = PBXVariantGroup;
			children = (
				3051637725BDEF5C00B7AE73 /* Base */,
			);
			name = Main.storyboard;
			sourceTree = "<group>";
		};
		3051637B25BDEF5D00B7AE73 /* LaunchScreen.storyboard */ = {
			isa = PBXVariantGroup;
			children = (
				3051637C25BDEF5D00B7AE73 /* Base */,
			);
			name = LaunchScreen.storyboard;
			sourceTree = "<group>";
		};
/* End PBXVariantGroup section */

/* Begin XCBuildConfiguration section */
		3051637F25BDEF5D00B7AE73 /* Debug */ = {
			isa = XCBuildConfiguration;
			buildSettings = {
				ALWAYS_SEARCH_USER_PATHS = NO;
				CLANG_ANALYZER_NONNULL = YES;
				CLANG_ANALYZER_NUMBER_OBJECT_CONVERSION = YES_AGGRESSIVE;
				CLANG_CXX_LANGUAGE_STANDARD = "gnu++14";
				CLANG_CXX_LIBRARY = "libc++";
				CLANG_ENABLE_MODULES = YES;
				CLANG_ENABLE_OBJC_ARC = YES;
				CLANG_ENABLE_OBJC_WEAK = YES;
				CLANG_WARN_BLOCK_CAPTURE_AUTORELEASING = YES;
				CLANG_WARN_BOOL_CONVERSION = YES;
				CLANG_WARN_COMMA = YES;
				CLANG_WARN_CONSTANT_CONVERSION = YES;
				CLANG_WARN_DEPRECATED_OBJC_IMPLEMENTATIONS = YES;
				CLANG_WARN_DIRECT_OBJC_ISA_USAGE = YES_ERROR;
				CLANG_WARN_DOCUMENTATION_COMMENTS = YES;
				CLANG_WARN_EMPTY_BODY = YES;
				CLANG_WARN_ENUM_CONVERSION = YES;
				CLANG_WARN_INFINITE_RECURSION = YES;
				CLANG_WARN_INT_CONVERSION = YES;
				CLANG_WARN_NON_LITERAL_NULL_CONVERSION = YES;
				CLANG_WARN_OBJC_IMPLICIT_RETAIN_SELF = YES;
				CLANG_WARN_OBJC_LITERAL_CONVERSION = YES;
				CLANG_WARN_OBJC_ROOT_CLASS = YES_ERROR;
				CLANG_WARN_QUOTED_INCLUDE_IN_FRAMEWORK_HEADER = YES;
				CLANG_WARN_RANGE_LOOP_ANALYSIS = YES;
				CLANG_WARN_STRICT_PROTOTYPES = YES;
				CLANG_WARN_SUSPICIOUS_MOVE = YES;
				CLANG_WARN_UNGUARDED_AVAILABILITY = YES_AGGRESSIVE;
				CLANG_WARN_UNREACHABLE_CODE = YES;
				CLANG_WARN__DUPLICATE_METHOD_MATCH = YES;
				COPY_PHASE_STRIP = NO;
				DEBUG_INFORMATION_FORMAT = dwarf;
				ENABLE_STRICT_OBJC_MSGSEND = YES;
				ENABLE_TESTABILITY = YES;
				GCC_C_LANGUAGE_STANDARD = gnu11;
				GCC_DYNAMIC_NO_PIC = NO;
				GCC_NO_COMMON_BLOCKS = YES;
				GCC_OPTIMIZATION_LEVEL = 0;
				GCC_PREPROCESSOR_DEFINITIONS = (
					"DEBUG=1",
					"$(inherited)",
				);
				GCC_WARN_64_TO_32_BIT_CONVERSION = YES;
				GCC_WARN_ABOUT_RETURN_TYPE = YES_ERROR;
				GCC_WARN_UNDECLARED_SELECTOR = YES;
				GCC_WARN_UNINITIALIZED_AUTOS = YES_AGGRESSIVE;
				GCC_WARN_UNUSED_FUNCTION = YES;
				GCC_WARN_UNUSED_VARIABLE = YES;
				IPHONEOS_DEPLOYMENT_TARGET = 14.3;
				MTL_ENABLE_DEBUG_INFO = INCLUDE_SOURCE;
				MTL_FAST_MATH = YES;
				ONLY_ACTIVE_ARCH = YES;
				SDKROOT = iphoneos;
				SWIFT_ACTIVE_COMPILATION_CONDITIONS = DEBUG;
				SWIFT_OPTIMIZATION_LEVEL = "-Onone";
			};
			name = Debug;
		};
		3051638025BDEF5D00B7AE73 /* Release */ = {
			isa = XCBuildConfiguration;
			buildSettings = {
				ALWAYS_SEARCH_USER_PATHS = NO;
				CLANG_ANALYZER_NONNULL = YES;
				CLANG_ANALYZER_NUMBER_OBJECT_CONVERSION = YES_AGGRESSIVE;
				CLANG_CXX_LANGUAGE_STANDARD = "gnu++14";
				CLANG_CXX_LIBRARY = "libc++";
				CLANG_ENABLE_MODULES = YES;
				CLANG_ENABLE_OBJC_ARC = YES;
				CLANG_ENABLE_OBJC_WEAK = YES;
				CLANG_WARN_BLOCK_CAPTURE_AUTORELEASING = YES;
				CLANG_WARN_BOOL_CONVERSION = YES;
				CLANG_WARN_COMMA = YES;
				CLANG_WARN_CONSTANT_CONVERSION = YES;
				CLANG_WARN_DEPRECATED_OBJC_IMPLEMENTATIONS = YES;
				CLANG_WARN_DIRECT_OBJC_ISA_USAGE = YES_ERROR;
				CLANG_WARN_DOCUMENTATION_COMMENTS = YES;
				CLANG_WARN_EMPTY_BODY = YES;
				CLANG_WARN_ENUM_CONVERSION = YES;
				CLANG_WARN_INFINITE_RECURSION = YES;
				CLANG_WARN_INT_CONVERSION = YES;
				CLANG_WARN_NON_LITERAL_NULL_CONVERSION = YES;
				CLANG_WARN_OBJC_IMPLICIT_RETAIN_SELF = YES;
				CLANG_WARN_OBJC_LITERAL_CONVERSION = YES;
				CLANG_WARN_OBJC_ROOT_CLASS = YES_ERROR;
				CLANG_WARN_QUOTED_INCLUDE_IN_FRAMEWORK_HEADER = YES;
				CLANG_WARN_RANGE_LOOP_ANALYSIS = YES;
				CLANG_WARN_STRICT_PROTOTYPES = YES;
				CLANG_WARN_SUSPICIOUS_MOVE = YES;
				CLANG_WARN_UNGUARDED_AVAILABILITY = YES_AGGRESSIVE;
				CLANG_WARN_UNREACHABLE_CODE = YES;
				CLANG_WARN__DUPLICATE_METHOD_MATCH = YES;
				COPY_PHASE_STRIP = NO;
				DEBUG_INFORMATION_FORMAT = "dwarf-with-dsym";
				ENABLE_NS_ASSERTIONS = NO;
				ENABLE_STRICT_OBJC_MSGSEND = YES;
				GCC_C_LANGUAGE_STANDARD = gnu11;
				GCC_NO_COMMON_BLOCKS = YES;
				GCC_WARN_64_TO_32_BIT_CONVERSION = YES;
				GCC_WARN_ABOUT_RETURN_TYPE = YES_ERROR;
				GCC_WARN_UNDECLARED_SELECTOR = YES;
				GCC_WARN_UNINITIALIZED_AUTOS = YES_AGGRESSIVE;
				GCC_WARN_UNUSED_FUNCTION = YES;
				GCC_WARN_UNUSED_VARIABLE = YES;
				IPHONEOS_DEPLOYMENT_TARGET = 14.3;
				MTL_ENABLE_DEBUG_INFO = NO;
				MTL_FAST_MATH = YES;
				SDKROOT = iphoneos;
				SWIFT_COMPILATION_MODE = wholemodule;
				SWIFT_OPTIMIZATION_LEVEL = "-O";
				VALIDATE_PRODUCT = YES;
			};
			name = Release;
		};
		3051638225BDEF5D00B7AE73 /* Debug */ = {
			isa = XCBuildConfiguration;
			baseConfigurationReference = F74B21D0A20C36698EA958FC /* Pods-DynamicHeightCells.debug.xcconfig */;
			buildSettings = {
				ASSETCATALOG_COMPILER_APPICON_NAME = AppIcon;
				ASSETCATALOG_COMPILER_GLOBAL_ACCENT_COLOR_NAME = AccentColor;
				CODE_SIGN_STYLE = Automatic;
				DEVELOPMENT_TEAM = 34UQ9VN4VQ;
				INFOPLIST_FILE = DynamicHeightCells/Info.plist;
				LD_RUNPATH_SEARCH_PATHS = (
					"$(inherited)",
					"@executable_path/Frameworks",
				);
				PRODUCT_BUNDLE_IDENTIFIER = com.vr.DynamicHeightCells;
				PRODUCT_NAME = "$(TARGET_NAME)";
				SWIFT_VERSION = 5.0;
				TARGETED_DEVICE_FAMILY = "1,2";
			};
			name = Debug;
		};
		3051638325BDEF5D00B7AE73 /* Release */ = {
			isa = XCBuildConfiguration;
			baseConfigurationReference = EE2F7102F3EF3574F566E4A1 /* Pods-DynamicHeightCells.release.xcconfig */;
			buildSettings = {
				ASSETCATALOG_COMPILER_APPICON_NAME = AppIcon;
				ASSETCATALOG_COMPILER_GLOBAL_ACCENT_COLOR_NAME = AccentColor;
				CODE_SIGN_STYLE = Automatic;
				DEVELOPMENT_TEAM = 34UQ9VN4VQ;
				INFOPLIST_FILE = DynamicHeightCells/Info.plist;
				LD_RUNPATH_SEARCH_PATHS = (
					"$(inherited)",
					"@executable_path/Frameworks",
				);
				PRODUCT_BUNDLE_IDENTIFIER = com.vr.DynamicHeightCells;
				PRODUCT_NAME = "$(TARGET_NAME)";
				SWIFT_VERSION = 5.0;
				TARGETED_DEVICE_FAMILY = "1,2";
			};
			name = Release;
		};
/* End XCBuildConfiguration section */

/* Begin XCConfigurationList section */
		3051636825BDEF5C00B7AE73 /* Build configuration list for PBXProject "DynamicHeightCells" */ = {
			isa = XCConfigurationList;
			buildConfigurations = (
				3051637F25BDEF5D00B7AE73 /* Debug */,
				3051638025BDEF5D00B7AE73 /* Release */,
			);
			defaultConfigurationIsVisible = 0;
			defaultConfigurationName = Release;
		};
		3051638125BDEF5D00B7AE73 /* Build configuration list for PBXNativeTarget "DynamicHeightCells" */ = {
			isa = XCConfigurationList;
			buildConfigurations = (
				3051638225BDEF5D00B7AE73 /* Debug */,
				3051638325BDEF5D00B7AE73 /* Release */,
			);
			defaultConfigurationIsVisible = 0;
			defaultConfigurationName = Release;
		};
/* End XCConfigurationList section */
	};
	rootObject = 3051636525BDEF5C00B7AE73 /* Project object */;
}
